// !$*UTF8*$!
{
	archiveVersion = 1;
	classes = {
	};
	objectVersion = 56;
	objects = {

/* Begin PBXBuildFile section */
		550F4B3728F9B97D002E5204 /* GameScore.swift in Sources */ = {isa = PBXBuildFile; fileRef = 550F4B3628F9B97D002E5204 /* GameScore.swift */; };
		558DCEDC28F8DF790066F693 /* AppDelegate.swift in Sources */ = {isa = PBXBuildFile; fileRef = 558DCEDB28F8DF790066F693 /* AppDelegate.swift */; };
		558DCEDE28F8DF790066F693 /* SceneDelegate.swift in Sources */ = {isa = PBXBuildFile; fileRef = 558DCEDD28F8DF790066F693 /* SceneDelegate.swift */; };
		558DCEE028F8DF790066F693 /* GameScreen.swift in Sources */ = {isa = PBXBuildFile; fileRef = 558DCEDF28F8DF790066F693 /* GameScreen.swift */; };
		558DCEE328F8DF790066F693 /* Main.storyboard in Resources */ = {isa = PBXBuildFile; fileRef = 558DCEE128F8DF790066F693 /* Main.storyboard */; };
		558DCEE528F8DF7A0066F693 /* Assets.xcassets in Resources */ = {isa = PBXBuildFile; fileRef = 558DCEE428F8DF7A0066F693 /* Assets.xcassets */; };
		558DCEE828F8DF7A0066F693 /* LaunchScreen.storyboard in Resources */ = {isa = PBXBuildFile; fileRef = 558DCEE628F8DF7A0066F693 /* LaunchScreen.storyboard */; };
		558DCF0128F8ED3F0066F693 /* dice4.png in Resources */ = {isa = PBXBuildFile; fileRef = 558DCEFB28F8ED3F0066F693 /* dice4.png */; };
		558DCF0228F8ED3F0066F693 /* dice2.png in Resources */ = {isa = PBXBuildFile; fileRef = 558DCEFC28F8ED3F0066F693 /* dice2.png */; };
		558DCF0328F8ED3F0066F693 /* dice6.png in Resources */ = {isa = PBXBuildFile; fileRef = 558DCEFD28F8ED3F0066F693 /* dice6.png */; };
		558DCF0428F8ED3F0066F693 /* dice1.png in Resources */ = {isa = PBXBuildFile; fileRef = 558DCEFE28F8ED3F0066F693 /* dice1.png */; };
		558DCF0528F8ED3F0066F693 /* dice5.png in Resources */ = {isa = PBXBuildFile; fileRef = 558DCEFF28F8ED3F0066F693 /* dice5.png */; };
		558DCF0628F8ED3F0066F693 /* dice3.png in Resources */ = {isa = PBXBuildFile; fileRef = 558DCF0028F8ED3F0066F693 /* dice3.png */; };
		558DCF0828F8F6B90066F693 /* Dice.swift in Sources */ = {isa = PBXBuildFile; fileRef = 558DCF0728F8F6B90066F693 /* Dice.swift */; };
/* End PBXBuildFile section */

/* Begin PBXFileReference section */
		550F4B3628F9B97D002E5204 /* GameScore.swift */ = {isa = PBXFileReference; lastKnownFileType = sourcecode.swift; path = GameScore.swift; sourceTree = "<group>"; };
		558DCED828F8DF790066F693 /* exercise02.app */ = {isa = PBXFileReference; explicitFileType = wrapper.application; includeInIndex = 0; path = exercise02.app; sourceTree = BUILT_PRODUCTS_DIR; };
		558DCEDB28F8DF790066F693 /* AppDelegate.swift */ = {isa = PBXFileReference; lastKnownFileType = sourcecode.swift; path = AppDelegate.swift; sourceTree = "<group>"; };
		558DCEDD28F8DF790066F693 /* SceneDelegate.swift */ = {isa = PBXFileReference; lastKnownFileType = sourcecode.swift; path = SceneDelegate.swift; sourceTree = "<group>"; };
		558DCEDF28F8DF790066F693 /* GameScreen.swift */ = {isa = PBXFileReference; lastKnownFileType = sourcecode.swift; path = GameScreen.swift; sourceTree = "<group>"; };
		558DCEE228F8DF790066F693 /* Base */ = {isa = PBXFileReference; lastKnownFileType = file.storyboard; name = Base; path = Base.lproj/Main.storyboard; sourceTree = "<group>"; };
		558DCEE428F8DF7A0066F693 /* Assets.xcassets */ = {isa = PBXFileReference; lastKnownFileType = folder.assetcatalog; path = Assets.xcassets; sourceTree = "<group>"; };
		558DCEE728F8DF7A0066F693 /* Base */ = {isa = PBXFileReference; lastKnownFileType = file.storyboard; name = Base; path = Base.lproj/LaunchScreen.storyboard; sourceTree = "<group>"; };
		558DCEE928F8DF7A0066F693 /* Info.plist */ = {isa = PBXFileReference; lastKnownFileType = text.plist.xml; path = Info.plist; sourceTree = "<group>"; };
		558DCEFB28F8ED3F0066F693 /* dice4.png */ = {isa = PBXFileReference; lastKnownFileType = image.png; path = dice4.png; sourceTree = "<group>"; };
		558DCEFC28F8ED3F0066F693 /* dice2.png */ = {isa = PBXFileReference; lastKnownFileType = image.png; path = dice2.png; sourceTree = "<group>"; };
		558DCEFD28F8ED3F0066F693 /* dice6.png */ = {isa = PBXFileReference; lastKnownFileType = image.png; path = dice6.png; sourceTree = "<group>"; };
		558DCEFE28F8ED3F0066F693 /* dice1.png */ = {isa = PBXFileReference; lastKnownFileType = image.png; path = dice1.png; sourceTree = "<group>"; };
		558DCEFF28F8ED3F0066F693 /* dice5.png */ = {isa = PBXFileReference; lastKnownFileType = image.png; path = dice5.png; sourceTree = "<group>"; };
		558DCF0028F8ED3F0066F693 /* dice3.png */ = {isa = PBXFileReference; lastKnownFileType = image.png; path = dice3.png; sourceTree = "<group>"; };
		558DCF0728F8F6B90066F693 /* Dice.swift */ = {isa = PBXFileReference; lastKnownFileType = sourcecode.swift; path = Dice.swift; sourceTree = "<group>"; };
/* End PBXFileReference section */

/* Begin PBXFrameworksBuildPhase section */
		558DCED528F8DF790066F693 /* Frameworks */ = {
			isa = PBXFrameworksBuildPhase;
			buildActionMask = 2147483647;
			files = (
			);
			runOnlyForDeploymentPostprocessing = 0;
		};
/* End PBXFrameworksBuildPhase section */

/* Begin PBXGroup section */
		558DCECF28F8DF790066F693 = {
			isa = PBXGroup;
			children = (
				558DCEDA28F8DF790066F693 /* exercise02 */,
				558DCED928F8DF790066F693 /* Products */,
			);
			sourceTree = "<group>";
		};
		558DCED928F8DF790066F693 /* Products */ = {
			isa = PBXGroup;
			children = (
				558DCED828F8DF790066F693 /* exercise02.app */,
			);
			name = Products;
			sourceTree = "<group>";
		};
		558DCEDA28F8DF790066F693 /* exercise02 */ = {
			isa = PBXGroup;
			children = (
				558DCEDB28F8DF790066F693 /* AppDelegate.swift */,
				558DCEDD28F8DF790066F693 /* SceneDelegate.swift */,
				558DCEDF28F8DF790066F693 /* GameScreen.swift */,
				558DCEE128F8DF790066F693 /* Main.storyboard */,
				558DCEE428F8DF7A0066F693 /* Assets.xcassets */,
				558DCEFE28F8ED3F0066F693 /* dice1.png */,
				558DCEFC28F8ED3F0066F693 /* dice2.png */,
				558DCF0028F8ED3F0066F693 /* dice3.png */,
				558DCEFB28F8ED3F0066F693 /* dice4.png */,
				558DCEFF28F8ED3F0066F693 /* dice5.png */,
				558DCEFD28F8ED3F0066F693 /* dice6.png */,
				558DCEE628F8DF7A0066F693 /* LaunchScreen.storyboard */,
				558DCEE928F8DF7A0066F693 /* Info.plist */,
				558DCF0728F8F6B90066F693 /* Dice.swift */,
				550F4B3628F9B97D002E5204 /* GameScore.swift */,
			);
			path = exercise02;
			sourceTree = "<group>";
		};
/* End PBXGroup section */

/* Begin PBXNativeTarget section */
		558DCED728F8DF790066F693 /* exercise02 */ = {
			isa = PBXNativeTarget;
			buildConfigurationList = 558DCEEC28F8DF7A0066F693 /* Build configuration list for PBXNativeTarget "exercise02" */;
			buildPhases = (
				558DCED428F8DF790066F693 /* Sources */,
				558DCED528F8DF790066F693 /* Frameworks */,
				558DCED628F8DF790066F693 /* Resources */,
			);
			buildRules = (
			);
			dependencies = (
			);
			name = exercise02;
			productName = exercise02;
			productReference = 558DCED828F8DF790066F693 /* exercise02.app */;
			productType = "com.apple.product-type.application";
		};
/* End PBXNativeTarget section */

/* Begin PBXProject section */
		558DCED028F8DF790066F693 /* Project object */ = {
			isa = PBXProject;
			attributes = {
				BuildIndependentTargetsInParallel = 1;
				LastSwiftUpdateCheck = 1400;
				LastUpgradeCheck = 1400;
				TargetAttributes = {
					558DCED728F8DF790066F693 = {
						CreatedOnToolsVersion = 14.0;
					};
				};
			};
			buildConfigurationList = 558DCED328F8DF790066F693 /* Build configuration list for PBXProject "exercise02" */;
			compatibilityVersion = "Xcode 14.0";
			developmentRegion = en;
			hasScannedForEncodings = 0;
			knownRegions = (
				en,
				Base,
			);
			mainGroup = 558DCECF28F8DF790066F693;
			productRefGroup = 558DCED928F8DF790066F693 /* Products */;
			projectDirPath = "";
			projectRoot = "";
			targets = (
				558DCED728F8DF790066F693 /* exercise02 */,
			);
		};
/* End PBXProject section */

/* Begin PBXResourcesBuildPhase section */
		558DCED628F8DF790066F693 /* Resources */ = {
			isa = PBXResourcesBuildPhase;
			buildActionMask = 2147483647;
			files = (
				558DCEE828F8DF7A0066F693 /* LaunchScreen.storyboard in Resources */,
				558DCF0428F8ED3F0066F693 /* dice1.png in Resources */,
				558DCF0328F8ED3F0066F693 /* dice6.png in Resources */,
				558DCF0128F8ED3F0066F693 /* dice4.png in Resources */,
				558DCF0228F8ED3F0066F693 /* dice2.png in Resources */,
				558DCEE528F8DF7A0066F693 /* Assets.xcassets in Resources */,
				558DCF0528F8ED3F0066F693 /* dice5.png in Resources */,
				558DCF0628F8ED3F0066F693 /* dice3.png in Resources */,
				558DCEE328F8DF790066F693 /* Main.storyboard in Resources */,
			);
			runOnlyForDeploymentPostprocessing = 0;
		};
/* End PBXResourcesBuildPhase section */

/* Begin PBXSourcesBuildPhase section */
		558DCED428F8DF790066F693 /* Sources */ = {
			isa = PBXSourcesBuildPhase;
			buildActionMask = 2147483647;
			files = (
				558DCEE028F8DF790066F693 /* GameScreen.swift in Sources */,
				550F4B3728F9B97D002E5204 /* GameScore.swift in Sources */,
				558DCEDC28F8DF790066F693 /* AppDelegate.swift in Sources */,
				558DCF0828F8F6B90066F693 /* Dice.swift in Sources */,
				558DCEDE28F8DF790066F693 /* SceneDelegate.swift in Sources */,
			);
			runOnlyForDeploymentPostprocessing = 0;
		};
/* End PBXSourcesBuildPhase section */

/* Begin PBXVariantGroup section */
		558DCEE128F8DF790066F693 /* Main.storyboard */ = {
			isa = PBXVariantGroup;
			children = (
				558DCEE228F8DF790066F693 /* Base */,
			);
			name = Main.storyboard;
			sourceTree = "<group>";
		};
		558DCEE628F8DF7A0066F693 /* LaunchScreen.storyboard */ = {
			isa = PBXVariantGroup;
			children = (
				558DCEE728F8DF7A0066F693 /* Base */,
			);
			name = LaunchScreen.storyboard;
			sourceTree = "<group>";
		};
/* End PBXVariantGroup section */

/* Begin XCBuildConfiguration section */
		558DCEEA28F8DF7A0066F693 /* Debug */ = {
			isa = XCBuildConfiguration;
			buildSettings = {
				ALWAYS_SEARCH_USER_PATHS = NO;
				CLANG_ANALYZER_NONNULL = YES;
				CLANG_ANALYZER_NUMBER_OBJECT_CONVERSION = YES_AGGRESSIVE;
				CLANG_CXX_LANGUAGE_STANDARD = "gnu++20";
				CLANG_ENABLE_MODULES = YES;
				CLANG_ENABLE_OBJC_ARC = YES;
				CLANG_ENABLE_OBJC_WEAK = YES;
				CLANG_WARN_BLOCK_CAPTURE_AUTORELEASING = YES;
				CLANG_WARN_BOOL_CONVERSION = YES;
				CLANG_WARN_COMMA = YES;
				CLANG_WARN_CONSTANT_CONVERSION = YES;
				CLANG_WARN_DEPRECATED_OBJC_IMPLEMENTATIONS = YES;
				CLANG_WARN_DIRECT_OBJC_ISA_USAGE = YES_ERROR;
				CLANG_WARN_DOCUMENTATION_COMMENTS = YES;
				CLANG_WARN_EMPTY_BODY = YES;
				CLANG_WARN_ENUM_CONVERSION = YES;
				CLANG_WARN_INFINITE_RECURSION = YES;
				CLANG_WARN_INT_CONVERSION = YES;
				CLANG_WARN_NON_LITERAL_NULL_CONVERSION = YES;
				CLANG_WARN_OBJC_IMPLICIT_RETAIN_SELF = YES;
				CLANG_WARN_OBJC_LITERAL_CONVERSION = YES;
				CLANG_WARN_OBJC_ROOT_CLASS = YES_ERROR;
				CLANG_WARN_QUOTED_INCLUDE_IN_FRAMEWORK_HEADER = YES;
				CLANG_WARN_RANGE_LOOP_ANALYSIS = YES;
				CLANG_WARN_STRICT_PROTOTYPES = YES;
				CLANG_WARN_SUSPICIOUS_MOVE = YES;
				CLANG_WARN_UNGUARDED_AVAILABILITY = YES_AGGRESSIVE;
				CLANG_WARN_UNREACHABLE_CODE = YES;
				CLANG_WARN__DUPLICATE_METHOD_MATCH = YES;
				COPY_PHASE_STRIP = NO;
				DEBUG_INFORMATION_FORMAT = dwarf;
				ENABLE_STRICT_OBJC_MSGSEND = YES;
				ENABLE_TESTABILITY = YES;
				GCC_C_LANGUAGE_STANDARD = gnu11;
				GCC_DYNAMIC_NO_PIC = NO;
				GCC_NO_COMMON_BLOCKS = YES;
				GCC_OPTIMIZATION_LEVEL = 0;
				GCC_PREPROCESSOR_DEFINITIONS = (
					"DEBUG=1",
					"$(inherited)",
				);
				GCC_WARN_64_TO_32_BIT_CONVERSION = YES;
				GCC_WARN_ABOUT_RETURN_TYPE = YES_ERROR;
				GCC_WARN_UNDECLARED_SELECTOR = YES;
				GCC_WARN_UNINITIALIZED_AUTOS = YES_AGGRESSIVE;
				GCC_WARN_UNUSED_FUNCTION = YES;
				GCC_WARN_UNUSED_VARIABLE = YES;
				IPHONEOS_DEPLOYMENT_TARGET = 16.0;
				MTL_ENABLE_DEBUG_INFO = INCLUDE_SOURCE;
				MTL_FAST_MATH = YES;
				ONLY_ACTIVE_ARCH = YES;
				SDKROOT = iphoneos;
				SWIFT_ACTIVE_COMPILATION_CONDITIONS = DEBUG;
				SWIFT_OPTIMIZATION_LEVEL = "-Onone";
			};
			name = Debug;
		};
		558DCEEB28F8DF7A0066F693 /* Release */ = {
			isa = XCBuildConfiguration;
			buildSettings = {
				ALWAYS_SEARCH_USER_PATHS = NO;
				CLANG_ANALYZER_NONNULL = YES;
				CLANG_ANALYZER_NUMBER_OBJECT_CONVERSION = YES_AGGRESSIVE;
				CLANG_CXX_LANGUAGE_STANDARD = "gnu++20";
				CLANG_ENABLE_MODULES = YES;
				CLANG_ENABLE_OBJC_ARC = YES;
				CLANG_ENABLE_OBJC_WEAK = YES;
				CLANG_WARN_BLOCK_CAPTURE_AUTORELEASING = YES;
				CLANG_WARN_BOOL_CONVERSION = YES;
				CLANG_WARN_COMMA = YES;
				CLANG_WARN_CONSTANT_CONVERSION = YES;
				CLANG_WARN_DEPRECATED_OBJC_IMPLEMENTATIONS = YES;
				CLANG_WARN_DIRECT_OBJC_ISA_USAGE = YES_ERROR;
				CLANG_WARN_DOCUMENTATION_COMMENTS = YES;
				CLANG_WARN_EMPTY_BODY = YES;
				CLANG_WARN_ENUM_CONVERSION = YES;
				CLANG_WARN_INFINITE_RECURSION = YES;
				CLANG_WARN_INT_CONVERSION = YES;
				CLANG_WARN_NON_LITERAL_NULL_CONVERSION = YES;
				CLANG_WARN_OBJC_IMPLICIT_RETAIN_SELF = YES;
				CLANG_WARN_OBJC_LITERAL_CONVERSION = YES;
				CLANG_WARN_OBJC_ROOT_CLASS = YES_ERROR;
				CLANG_WARN_QUOTED_INCLUDE_IN_FRAMEWORK_HEADER = YES;
				CLANG_WARN_RANGE_LOOP_ANALYSIS = YES;
				CLANG_WARN_STRICT_PROTOTYPES = YES;
				CLANG_WARN_SUSPICIOUS_MOVE = YES;
				CLANG_WARN_UNGUARDED_AVAILABILITY = YES_AGGRESSIVE;
				CLANG_WARN_UNREACHABLE_CODE = YES;
				CLANG_WARN__DUPLICATE_METHOD_MATCH = YES;
				COPY_PHASE_STRIP = NO;
				DEBUG_INFORMATION_FORMAT = "dwarf-with-dsym";
				ENABLE_NS_ASSERTIONS = NO;
				ENABLE_STRICT_OBJC_MSGSEND = YES;
				GCC_C_LANGUAGE_STANDARD = gnu11;
				GCC_NO_COMMON_BLOCKS = YES;
				GCC_WARN_64_TO_32_BIT_CONVERSION = YES;
				GCC_WARN_ABOUT_RETURN_TYPE = YES_ERROR;
				GCC_WARN_UNDECLARED_SELECTOR = YES;
				GCC_WARN_UNINITIALIZED_AUTOS = YES_AGGRESSIVE;
				GCC_WARN_UNUSED_FUNCTION = YES;
				GCC_WARN_UNUSED_VARIABLE = YES;
				IPHONEOS_DEPLOYMENT_TARGET = 16.0;
				MTL_ENABLE_DEBUG_INFO = NO;
				MTL_FAST_MATH = YES;
				SDKROOT = iphoneos;
				SWIFT_COMPILATION_MODE = wholemodule;
				SWIFT_OPTIMIZATION_LEVEL = "-O";
				VALIDATE_PRODUCT = YES;
			};
			name = Release;
		};
		558DCEED28F8DF7A0066F693 /* Debug */ = {
			isa = XCBuildConfiguration;
			buildSettings = {
				ASSETCATALOG_COMPILER_APPICON_NAME = AppIcon;
				ASSETCATALOG_COMPILER_GLOBAL_ACCENT_COLOR_NAME = AccentColor;
				CODE_SIGN_STYLE = Automatic;
				CURRENT_PROJECT_VERSION = 1;
				DEVELOPMENT_TEAM = L9Z24WLH63;
				GENERATE_INFOPLIST_FILE = YES;
				INFOPLIST_FILE = exercise02/Info.plist;
				INFOPLIST_KEY_UIApplicationSupportsIndirectInputEvents = YES;
				INFOPLIST_KEY_UILaunchStoryboardName = LaunchScreen;
				INFOPLIST_KEY_UIMainStoryboardFile = Main;
				INFOPLIST_KEY_UISupportedInterfaceOrientations_iPad = "UIInterfaceOrientationPortrait UIInterfaceOrientationPortraitUpsideDown UIInterfaceOrientationLandscapeLeft UIInterfaceOrientationLandscapeRight";
				INFOPLIST_KEY_UISupportedInterfaceOrientations_iPhone = "UIInterfaceOrientationPortrait UIInterfaceOrientationLandscapeLeft UIInterfaceOrientationLandscapeRight";
				LD_RUNPATH_SEARCH_PATHS = (
					"$(inherited)",
					"@executable_path/Frameworks",
				);
				MARKETING_VERSION = 1.0;
				PRODUCT_BUNDLE_IDENTIFIER = com.darshan09200.exercise02;
				PRODUCT_NAME = "$(TARGET_NAME)";
				SWIFT_EMIT_LOC_STRINGS = YES;
				SWIFT_VERSION = 5.0;
				TARGETED_DEVICE_FAMILY = "1,2";
			};
			name = Debug;
		};
		558DCEEE28F8DF7A0066F693 /* Release */ = {
			isa = XCBuildConfiguration;
			buildSettings = {
				ASSETCATALOG_COMPILER_APPICON_NAME = AppIcon;
				ASSETCATALOG_COMPILER_GLOBAL_ACCENT_COLOR_NAME = AccentColor;
				CODE_SIGN_STYLE = Automatic;
				CURRENT_PROJECT_VERSION = 1;
				DEVELOPMENT_TEAM = L9Z24WLH63;
				GENERATE_INFOPLIST_FILE = YES;
				INFOPLIST_FILE = exercise02/Info.plist;
				INFOPLIST_KEY_UIApplicationSupportsIndirectInputEvents = YES;
				INFOPLIST_KEY_UILaunchStoryboardName = LaunchScreen;
				INFOPLIST_KEY_UIMainStoryboardFile = Main;
				INFOPLIST_KEY_UISupportedInterfaceOrientations_iPad = "UIInterfaceOrientationPortrait UIInterfaceOrientationPortraitUpsideDown UIInterfaceOrientationLandscapeLeft UIInterfaceOrientationLandscapeRight";
				INFOPLIST_KEY_UISupportedInterfaceOrientations_iPhone = "UIInterfaceOrientationPortrait UIInterfaceOrientationLandscapeLeft UIInterfaceOrientationLandscapeRight";
				LD_RUNPATH_SEARCH_PATHS = (
					"$(inherited)",
					"@executable_path/Frameworks",
				);
				MARKETING_VERSION = 1.0;
				PRODUCT_BUNDLE_IDENTIFIER = com.darshan09200.exercise02;
				PRODUCT_NAME = "$(TARGET_NAME)";
				SWIFT_EMIT_LOC_STRINGS = YES;
				SWIFT_VERSION = 5.0;
				TARGETED_DEVICE_FAMILY = "1,2";
			};
			name = Release;
		};
/* End XCBuildConfiguration section */

/* Begin XCConfigurationList section */
		558DCED328F8DF790066F693 /* Build configuration list for PBXProject "exercise02" */ = {
			isa = XCConfigurationList;
			buildConfigurations = (
				558DCEEA28F8DF7A0066F693 /* Debug */,
				558DCEEB28F8DF7A0066F693 /* Release */,
			);
			defaultConfigurationIsVisible = 0;
			defaultConfigurationName = Release;
		};
		558DCEEC28F8DF7A0066F693 /* Build configuration list for PBXNativeTarget "exercise02" */ = {
			isa = XCConfigurationList;
			buildConfigurations = (
				558DCEED28F8DF7A0066F693 /* Debug */,
				558DCEEE28F8DF7A0066F693 /* Release */,
			);
			defaultConfigurationIsVisible = 0;
			defaultConfigurationName = Release;
		};
/* End XCConfigurationList section */
	};
	rootObject = 558DCED028F8DF790066F693 /* Project object */;
}
